
Microsoft Visual Studio Solution File, Format Version 12.00
# Visual Studio 2013
VisualStudioVersion = 12.0.40629.0
MinimumVisualStudioVersion = 10.0.40219.1
Project("{FAE04EC0-301F-11D3-BF4B-00C04F79EFBC}") = "MyMvc4", "MyMvc4\MyMvc4.csproj", "{90D31A01-2353-4CEC-A980-802C0C75C1F6}"
EndProject
Project("{FAE04EC0-301F-11D3-BF4B-00C04F79EFBC}") = "MyMvc4.Tests", "MyMvc4.Tests\MyMvc4.Tests.csproj", "{351F5B75-2155-4E6B-97BD-32343C2437EB}"
EndProject
Global
	GlobalSection(SolutionConfigurationPlatforms) = preSolution
		Debug|Any CPU = Debug|Any CPU
		Release|Any CPU = Release|Any CPU
	EndGlobalSection
	GlobalSection(ProjectConfigurationPlatforms) = postSolution
		{90D31A01-2353-4CEC-A980-802C0C75C1F6}.Debug|Any CPU.ActiveCfg = Debug|Any CPU
		{90D31A01-2353-4CEC-A980-802C0C75C1F6}.Debug|Any CPU.Build.0 = Debug|Any CPU
		{90D31A01-2353-4CEC-A980-802C0C75C1F6}.Release|Any CPU.ActiveCfg = Release|Any CPU
		{90D31A01-2353-4CEC-A980-802C0C75C1F6}.Release|Any CPU.Build.0 = Release|Any CPU
		{351F5B75-2155-4E6B-97BD-32343C2437EB}.Debug|Any CPU.ActiveCfg = Debug|Any CPU
		{351F5B75-2155-4E6B-97BD-32343C2437EB}.Debug|Any CPU.Build.0 = Debug|Any CPU
		{351F5B75-2155-4E6B-97BD-32343C2437EB}.Release|Any CPU.ActiveCfg = Release|Any CPU
		{351F5B75-2155-4E6B-97BD-32343C2437EB}.Release|Any CPU.Build.0 = Release|Any CPU
	EndGlobalSection
	GlobalSection(SolutionProperties) = preSolution
		HideSolutionNode = FALSE
	EndGlobalSection
EndGlobal
